
Microsoft Visual Studio Solution File, Format Version 12.00
# Visual Studio Version 16
VisualStudioVersion = 16.0.31205.134
MinimumVisualStudioVersion = 10.0.40219.1
Project("{FAE04EC0-301F-11D3-BF4B-00C04F79EFBC}") = "TruckManager.Repository", "..\TruckManager.Repository\TruckManager.Repository.csproj", "{6F8A6430-C21C-4AD1-9215-6F63543E2A75}"
EndProject
Project("{FAE04EC0-301F-11D3-BF4B-00C04F79EFBC}") = "TruckManager.Core", "..\TruckManager.Core\TruckManager.Core.csproj", "{F760D08E-7D0B-4524-9186-229F8003DB90}"
EndProject
Project("{FAE04EC0-301F-11D3-BF4B-00C04F79EFBC}") = "TruckManager.API", "..\TruckManager.API\TruckManager.API.csproj", "{99EAD99C-B0D2-4F62-8D15-86857D4F9753}"
EndProject
Project("{FAE04EC0-301F-11D3-BF4B-00C04F79EFBC}") = "TruckManager.Tests", "..\TruckManager.Tests\TruckManager.Tests.csproj", "{28329942-CD72-4116-A5E8-B00CBF5B7AAA}"
EndProject
Global
	GlobalSection(SolutionConfigurationPlatforms) = preSolution
		Debug|Any CPU = Debug|Any CPU
		Release|Any CPU = Release|Any CPU
	EndGlobalSection
	GlobalSection(ProjectConfigurationPlatforms) = postSolution
		{6F8A6430-C21C-4AD1-9215-6F63543E2A75}.Debug|Any CPU.ActiveCfg = Debug|Any CPU
		{6F8A6430-C21C-4AD1-9215-6F63543E2A75}.Debug|Any CPU.Build.0 = Debug|Any CPU
		{6F8A6430-C21C-4AD1-9215-6F63543E2A75}.Release|Any CPU.ActiveCfg = Release|Any CPU
		{6F8A6430-C21C-4AD1-9215-6F63543E2A75}.Release|Any CPU.Build.0 = Release|Any CPU
		{F760D08E-7D0B-4524-9186-229F8003DB90}.Debug|Any CPU.ActiveCfg = Debug|Any CPU
		{F760D08E-7D0B-4524-9186-229F8003DB90}.Debug|Any CPU.Build.0 = Debug|Any CPU
		{F760D08E-7D0B-4524-9186-229F8003DB90}.Release|Any CPU.ActiveCfg = Release|Any CPU
		{F760D08E-7D0B-4524-9186-229F8003DB90}.Release|Any CPU.Build.0 = Release|Any CPU
		{99EAD99C-B0D2-4F62-8D15-86857D4F9753}.Debug|Any CPU.ActiveCfg = Debug|Any CPU
		{99EAD99C-B0D2-4F62-8D15-86857D4F9753}.Debug|Any CPU.Build.0 = Debug|Any CPU
		{99EAD99C-B0D2-4F62-8D15-86857D4F9753}.Release|Any CPU.ActiveCfg = Release|Any CPU
		{99EAD99C-B0D2-4F62-8D15-86857D4F9753}.Release|Any CPU.Build.0 = Release|Any CPU
		{28329942-CD72-4116-A5E8-B00CBF5B7AAA}.Debug|Any CPU.ActiveCfg = Debug|Any CPU
		{28329942-CD72-4116-A5E8-B00CBF5B7AAA}.Debug|Any CPU.Build.0 = Debug|Any CPU
		{28329942-CD72-4116-A5E8-B00CBF5B7AAA}.Release|Any CPU.ActiveCfg = Release|Any CPU
		{28329942-CD72-4116-A5E8-B00CBF5B7AAA}.Release|Any CPU.Build.0 = Release|Any CPU
	EndGlobalSection
	GlobalSection(SolutionProperties) = preSolution
		HideSolutionNode = FALSE
	EndGlobalSection
	GlobalSection(ExtensibilityGlobals) = postSolution
		SolutionGuid = {12129049-5637-4A32-BA92-FAB5E7FF760D}
	EndGlobalSection
EndGlobal
